
Microsoft Visual Studio Solution File, Format Version 12.00
# Visual Studio 2013
VisualStudioVersion = 12.0.30723.0
MinimumVisualStudioVersion = 10.0.40219.1
Project("{2150E333-8FDC-42A3-9474-1A3956D46DE8}") = "DziennikSzkolny", "DziennikSzkolny", "{B986BF1E-465F-4B52-AFB0-F837052E47D5}"
EndProject
Project("{D954291E-2A0B-460D-934E-DC6B0785DB48}") = "DziennikSzkolny.Shared", "DziennikSzkolny\DziennikSzkolny.Shared\DziennikSzkolny.Shared.shproj", "{389104C8-1886-4447-8D65-86A16B7D051C}"
EndProject
Project("{FAE04EC0-301F-11D3-BF4B-00C04F79EFBC}") = "DziennikSzkolny.Windows", "DziennikSzkolny\DziennikSzkolny.Windows\DziennikSzkolny.Windows.csproj", "{0AB4A6C4-CF6E-4B8A-9C36-22B3AA273B27}"
EndProject
Project("{FAE04EC0-301F-11D3-BF4B-00C04F79EFBC}") = "DziennikSzkolny.WindowsPhone", "DziennikSzkolny\DziennikSzkolny.WindowsPhone\DziennikSzkolny.WindowsPhone.csproj", "{FBA95735-4D5C-4749-8A71-4A0BA1A8C734}"
EndProject
Global
	GlobalSection(SharedMSBuildProjectFiles) = preSolution
		DziennikSzkolny\DziennikSzkolny.Shared\DziennikSzkolny.Shared.projitems*{389104c8-1886-4447-8d65-86a16b7d051c}*SharedItemsImports = 13
		DziennikSzkolny\DziennikSzkolny.Shared\DziennikSzkolny.Shared.projitems*{0ab4a6c4-cf6e-4b8a-9c36-22b3aa273b27}*SharedItemsImports = 4
		DziennikSzkolny\DziennikSzkolny.Shared\DziennikSzkolny.Shared.projitems*{fba95735-4d5c-4749-8a71-4a0ba1a8c734}*SharedItemsImports = 4
	EndGlobalSection
	GlobalSection(SolutionConfigurationPlatforms) = preSolution
		Client-Debug|Any CPU = Client-Debug|Any CPU
		Client-Debug|ARM = Client-Debug|ARM
		Client-Debug|x64 = Client-Debug|x64
		Client-Debug|x86 = Client-Debug|x86
		Debug|Any CPU = Debug|Any CPU
		Debug|ARM = Debug|ARM
		Debug|x64 = Debug|x64
		Debug|x86 = Debug|x86
		Moussa|Any CPU = Moussa|Any CPU
		Moussa|ARM = Moussa|ARM
		Moussa|x64 = Moussa|x64
		Moussa|x86 = Moussa|x86
		Release - ARM|Any CPU = Release - ARM|Any CPU
		Release - ARM|ARM = Release - ARM|ARM
		Release - ARM|x64 = Release - ARM|x64
		Release - ARM|x86 = Release - ARM|x86
		Release|Any CPU = Release|Any CPU
		Release|ARM = Release|ARM
		Release|x64 = Release|x64
		Release|x86 = Release|x86
	EndGlobalSection
	GlobalSection(ProjectConfigurationPlatforms) = postSolution
		{0AB4A6C4-CF6E-4B8A-9C36-22B3AA273B27}.Client-Debug|Any CPU.ActiveCfg = Debug|Any CPU
		{0AB4A6C4-CF6E-4B8A-9C36-22B3AA273B27}.Client-Debug|Any CPU.Build.0 = Debug|Any CPU
		{0AB4A6C4-CF6E-4B8A-9C36-22B3AA273B27}.Client-Debug|Any CPU.Deploy.0 = Debug|Any CPU
		{0AB4A6C4-CF6E-4B8A-9C36-22B3AA273B27}.Client-Debug|ARM.ActiveCfg = Debug|ARM
		{0AB4A6C4-CF6E-4B8A-9C36-22B3AA273B27}.Client-Debug|ARM.Build.0 = Debug|ARM
		{0AB4A6C4-CF6E-4B8A-9C36-22B3AA273B27}.Client-Debug|ARM.Deploy.0 = Debug|ARM
		{0AB4A6C4-CF6E-4B8A-9C36-22B3AA273B27}.Client-Debug|x64.ActiveCfg = Debug|x64
		{0AB4A6C4-CF6E-4B8A-9C36-22B3AA273B27}.Client-Debug|x64.Build.0 = Debug|x64
		{0AB4A6C4-CF6E-4B8A-9C36-22B3AA273B27}.Client-Debug|x64.Deploy.0 = Debug|x64
		{0AB4A6C4-CF6E-4B8A-9C36-22B3AA273B27}.Client-Debug|x86.ActiveCfg = Debug|x86
		{0AB4A6C4-CF6E-4B8A-9C36-22B3AA273B27}.Client-Debug|x86.Build.0 = Debug|x86
		{0AB4A6C4-CF6E-4B8A-9C36-22B3AA273B27}.Client-Debug|x86.Deploy.0 = Debug|x86
		{0AB4A6C4-CF6E-4B8A-9C36-22B3AA273B27}.Debug|Any CPU.ActiveCfg = Debug|Any CPU
		{0AB4A6C4-CF6E-4B8A-9C36-22B3AA273B27}.Debug|Any CPU.Build.0 = Debug|Any CPU
		{0AB4A6C4-CF6E-4B8A-9C36-22B3AA273B27}.Debug|Any CPU.Deploy.0 = Debug|Any CPU
		{0AB4A6C4-CF6E-4B8A-9C36-22B3AA273B27}.Debug|ARM.ActiveCfg = Debug|ARM
		{0AB4A6C4-CF6E-4B8A-9C36-22B3AA273B27}.Debug|ARM.Build.0 = Debug|ARM
		{0AB4A6C4-CF6E-4B8A-9C36-22B3AA273B27}.Debug|ARM.Deploy.0 = Debug|ARM
		{0AB4A6C4-CF6E-4B8A-9C36-22B3AA273B27}.Debug|x64.ActiveCfg = Debug|x64
		{0AB4A6C4-CF6E-4B8A-9C36-22B3AA273B27}.Debug|x64.Build.0 = Debug|x64
		{0AB4A6C4-CF6E-4B8A-9C36-22B3AA273B27}.Debug|x64.Deploy.0 = Debug|x64
		{0AB4A6C4-CF6E-4B8A-9C36-22B3AA273B27}.Debug|x86.ActiveCfg = Debug|x86
		{0AB4A6C4-CF6E-4B8A-9C36-22B3AA273B27}.Debug|x86.Build.0 = Debug|x86
		{0AB4A6C4-CF6E-4B8A-9C36-22B3AA273B27}.Debug|x86.Deploy.0 = Debug|x86
		{0AB4A6C4-CF6E-4B8A-9C36-22B3AA273B27}.Moussa|Any CPU.ActiveCfg = Release|Any CPU
		{0AB4A6C4-CF6E-4B8A-9C36-22B3AA273B27}.Moussa|Any CPU.Build.0 = Release|Any CPU
		{0AB4A6C4-CF6E-4B8A-9C36-22B3AA273B27}.Moussa|Any CPU.Deploy.0 = Release|Any CPU
		{0AB4A6C4-CF6E-4B8A-9C36-22B3AA273B27}.Moussa|ARM.ActiveCfg = Release|ARM
		{0AB4A6C4-CF6E-4B8A-9C36-22B3AA273B27}.Moussa|ARM.Build.0 = Release|ARM
		{0AB4A6C4-CF6E-4B8A-9C36-22B3AA273B27}.Moussa|ARM.Deploy.0 = Release|ARM
		{0AB4A6C4-CF6E-4B8A-9C36-22B3AA273B27}.Moussa|x64.ActiveCfg = Release|x64
		{0AB4A6C4-CF6E-4B8A-9C36-22B3AA273B27}.Moussa|x64.Build.0 = Release|x64
		{0AB4A6C4-CF6E-4B8A-9C36-22B3AA273B27}.Moussa|x64.Deploy.0 = Release|x64
		{0AB4A6C4-CF6E-4B8A-9C36-22B3AA273B27}.Moussa|x86.ActiveCfg = Release|x86
		{0AB4A6C4-CF6E-4B8A-9C36-22B3AA273B27}.Moussa|x86.Build.0 = Release|x86
		{0AB4A6C4-CF6E-4B8A-9C36-22B3AA273B27}.Moussa|x86.Deploy.0 = Release|x86
		{0AB4A6C4-CF6E-4B8A-9C36-22B3AA273B27}.Release - ARM|Any CPU.ActiveCfg = Release|Any CPU
		{0AB4A6C4-CF6E-4B8A-9C36-22B3AA273B27}.Release - ARM|Any CPU.Build.0 = Release|Any CPU
		{0AB4A6C4-CF6E-4B8A-9C36-22B3AA273B27}.Release - ARM|Any CPU.Deploy.0 = Release|Any CPU
		{0AB4A6C4-CF6E-4B8A-9C36-22B3AA273B27}.Release - ARM|ARM.ActiveCfg = Release|ARM
		{0AB4A6C4-CF6E-4B8A-9C36-22B3AA273B27}.Release - ARM|ARM.Build.0 = Release|ARM
		{0AB4A6C4-CF6E-4B8A-9C36-22B3AA273B27}.Release - ARM|ARM.Deploy.0 = Release|ARM
		{0AB4A6C4-CF6E-4B8A-9C36-22B3AA273B27}.Release - ARM|x64.ActiveCfg = Release|x64
		{0AB4A6C4-CF6E-4B8A-9C36-22B3AA273B27}.Release - ARM|x64.Build.0 = Release|x64
		{0AB4A6C4-CF6E-4B8A-9C36-22B3AA273B27}.Release - ARM|x64.Deploy.0 = Release|x64
		{0AB4A6C4-CF6E-4B8A-9C36-22B3AA273B27}.Release - ARM|x86.ActiveCfg = Release|x86
		{0AB4A6C4-CF6E-4B8A-9C36-22B3AA273B27}.Release - ARM|x86.Build.0 = Release|x86
		{0AB4A6C4-CF6E-4B8A-9C36-22B3AA273B27}.Release - ARM|x86.Deploy.0 = Release|x86
		{0AB4A6C4-CF6E-4B8A-9C36-22B3AA273B27}.Release|Any CPU.ActiveCfg = Release|Any CPU
		{0AB4A6C4-CF6E-4B8A-9C36-22B3AA273B27}.Release|Any CPU.Build.0 = Release|Any CPU
		{0AB4A6C4-CF6E-4B8A-9C36-22B3AA273B27}.Release|Any CPU.Deploy.0 = Release|Any CPU
		{0AB4A6C4-CF6E-4B8A-9C36-22B3AA273B27}.Release|ARM.ActiveCfg = Release|ARM
		{0AB4A6C4-CF6E-4B8A-9C36-22B3AA273B27}.Release|ARM.Build.0 = Release|ARM
		{0AB4A6C4-CF6E-4B8A-9C36-22B3AA273B27}.Release|ARM.Deploy.0 = Release|ARM
		{0AB4A6C4-CF6E-4B8A-9C36-22B3AA273B27}.Release|x64.ActiveCfg = Release|x64
		{0AB4A6C4-CF6E-4B8A-9C36-22B3AA273B27}.Release|x64.Build.0 = Release|x64
		{0AB4A6C4-CF6E-4B8A-9C36-22B3AA273B27}.Release|x64.Deploy.0 = Release|x64
		{0AB4A6C4-CF6E-4B8A-9C36-22B3AA273B27}.Release|x86.ActiveCfg = Release|x86
		{0AB4A6C4-CF6E-4B8A-9C36-22B3AA273B27}.Release|x86.Build.0 = Release|x86
		{0AB4A6C4-CF6E-4B8A-9C36-22B3AA273B27}.Release|x86.Deploy.0 = Release|x86
		{FBA95735-4D5C-4749-8A71-4A0BA1A8C734}.Client-Debug|Any CPU.ActiveCfg = Debug|Any CPU
		{FBA95735-4D5C-4749-8A71-4A0BA1A8C734}.Client-Debug|Any CPU.Build.0 = Debug|Any CPU
		{FBA95735-4D5C-4749-8A71-4A0BA1A8C734}.Client-Debug|Any CPU.Deploy.0 = Debug|Any CPU
		{FBA95735-4D5C-4749-8A71-4A0BA1A8C734}.Client-Debug|ARM.ActiveCfg = Debug|ARM
		{FBA95735-4D5C-4749-8A71-4A0BA1A8C734}.Client-Debug|ARM.Build.0 = Debug|ARM
		{FBA95735-4D5C-4749-8A71-4A0BA1A8C734}.Client-Debug|ARM.Deploy.0 = Debug|ARM
		{FBA95735-4D5C-4749-8A71-4A0BA1A8C734}.Client-Debug|x64.ActiveCfg = Debug|Any CPU
		{FBA95735-4D5C-4749-8A71-4A0BA1A8C734}.Client-Debug|x86.ActiveCfg = Debug|x86
		{FBA95735-4D5C-4749-8A71-4A0BA1A8C734}.Client-Debug|x86.Build.0 = Debug|x86
		{FBA95735-4D5C-4749-8A71-4A0BA1A8C734}.Client-Debug|x86.Deploy.0 = Debug|x86
		{FBA95735-4D5C-4749-8A71-4A0BA1A8C734}.Debug|Any CPU.ActiveCfg = Debug|Any CPU
		{FBA95735-4D5C-4749-8A71-4A0BA1A8C734}.Debug|Any CPU.Build.0 = Debug|Any CPU
		{FBA95735-4D5C-4749-8A71-4A0BA1A8C734}.Debug|Any CPU.Deploy.0 = Debug|Any CPU
		{FBA95735-4D5C-4749-8A71-4A0BA1A8C734}.Debug|ARM.ActiveCfg = Debug|ARM
		{FBA95735-4D5C-4749-8A71-4A0BA1A8C734}.Debug|ARM.Build.0 = Debug|ARM
		{FBA95735-4D5C-4749-8A71-4A0BA1A8C734}.Debug|ARM.Deploy.0 = Debug|ARM
		{FBA95735-4D5C-4749-8A71-4A0BA1A8C734}.Debug|x64.ActiveCfg = Debug|Any CPU
		{FBA95735-4D5C-4749-8A71-4A0BA1A8C734}.Debug|x86.ActiveCfg = Debug|x86
		{FBA95735-4D5C-4749-8A71-4A0BA1A8C734}.Debug|x86.Build.0 = Debug|x86
		{FBA95735-4D5C-4749-8A71-4A0BA1A8C734}.Debug|x86.Deploy.0 = Debug|x86
		{FBA95735-4D5C-4749-8A71-4A0BA1A8C734}.Moussa|Any CPU.ActiveCfg = Release|Any CPU
		{FBA95735-4D5C-4749-8A71-4A0BA1A8C734}.Moussa|Any CPU.Build.0 = Release|Any CPU
		{FBA95735-4D5C-4749-8A71-4A0BA1A8C734}.Moussa|Any CPU.Deploy.0 = Release|Any CPU
		{FBA95735-4D5C-4749-8A71-4A0BA1A8C734}.Moussa|ARM.ActiveCfg = Release|ARM
		{FBA95735-4D5C-4749-8A71-4A0BA1A8C734}.Moussa|ARM.Build.0 = Release|ARM
		{FBA95735-4D5C-4749-8A71-4A0BA1A8C734}.Moussa|ARM.Deploy.0 = Release|ARM
		{FBA95735-4D5C-4749-8A71-4A0BA1A8C734}.Moussa|x64.ActiveCfg = Release|Any CPU
		{FBA95735-4D5C-4749-8A71-4A0BA1A8C734}.Moussa|x86.ActiveCfg = Release|x86
		{FBA95735-4D5C-4749-8A71-4A0BA1A8C734}.Moussa|x86.Build.0 = Release|x86
		{FBA95735-4D5C-4749-8A71-4A0BA1A8C734}.Moussa|x86.Deploy.0 = Release|x86
		{FBA95735-4D5C-4749-8A71-4A0BA1A8C734}.Release - ARM|Any CPU.ActiveCfg = Release|Any CPU
		{FBA95735-4D5C-4749-8A71-4A0BA1A8C734}.Release - ARM|Any CPU.Build.0 = Release|Any CPU
		{FBA95735-4D5C-4749-8A71-4A0BA1A8C734}.Release - ARM|Any CPU.Deploy.0 = Release|Any CPU
		{FBA95735-4D5C-4749-8A71-4A0BA1A8C734}.Release - ARM|ARM.ActiveCfg = Release|ARM
		{FBA95735-4D5C-4749-8A71-4A0BA1A8C734}.Release - ARM|ARM.Build.0 = Release|ARM
		{FBA95735-4D5C-4749-8A71-4A0BA1A8C734}.Release - ARM|ARM.Deploy.0 = Release|ARM
		{FBA95735-4D5C-4749-8A71-4A0BA1A8C734}.Release - ARM|x64.ActiveCfg = Release|Any CPU
		{FBA95735-4D5C-4749-8A71-4A0BA1A8C734}.Release - ARM|x86.ActiveCfg = Release|x86
		{FBA95735-4D5C-4749-8A71-4A0BA1A8C734}.Release - ARM|x86.Build.0 = Release|x86
		{FBA95735-4D5C-4749-8A71-4A0BA1A8C734}.Release - ARM|x86.Deploy.0 = Release|x86
		{FBA95735-4D5C-4749-8A71-4A0BA1A8C734}.Release|Any CPU.ActiveCfg = Release|Any CPU
		{FBA95735-4D5C-4749-8A71-4A0BA1A8C734}.Release|Any CPU.Build.0 = Release|Any CPU
		{FBA95735-4D5C-4749-8A71-4A0BA1A8C734}.Release|Any CPU.Deploy.0 = Release|Any CPU
		{FBA95735-4D5C-4749-8A71-4A0BA1A8C734}.Release|ARM.ActiveCfg = Release|ARM
		{FBA95735-4D5C-4749-8A71-4A0BA1A8C734}.Release|ARM.Build.0 = Release|ARM
		{FBA95735-4D5C-4749-8A71-4A0BA1A8C734}.Release|ARM.Deploy.0 = Release|ARM
		{FBA95735-4D5C-4749-8A71-4A0BA1A8C734}.Release|x64.ActiveCfg = Release|Any CPU
		{FBA95735-4D5C-4749-8A71-4A0BA1A8C734}.Release|x86.ActiveCfg = Release|x86
		{FBA95735-4D5C-4749-8A71-4A0BA1A8C734}.Release|x86.Build.0 = Release|x86
		{FBA95735-4D5C-4749-8A71-4A0BA1A8C734}.Release|x86.Deploy.0 = Release|x86
	EndGlobalSection
	GlobalSection(SolutionProperties) = preSolution
		HideSolutionNode = FALSE
	EndGlobalSection
	GlobalSection(NestedProjects) = preSolution
		{389104C8-1886-4447-8D65-86A16B7D051C} = {B986BF1E-465F-4B52-AFB0-F837052E47D5}
		{0AB4A6C4-CF6E-4B8A-9C36-22B3AA273B27} = {B986BF1E-465F-4B52-AFB0-F837052E47D5}
		{FBA95735-4D5C-4749-8A71-4A0BA1A8C734} = {B986BF1E-465F-4B52-AFB0-F837052E47D5}
	EndGlobalSection
EndGlobal
